
Microsoft Visual Studio Solution File, Format Version 12.00
# Visual Studio 14
VisualStudioVersion = 14.0.24720.0
MinimumVisualStudioVersion = 10.0.40219.1
Project("{FAE04EC0-301F-11D3-BF4B-00C04F79EFBC}") = "Business", "Business\Business.csproj", "{B01C7972-9C6E-461F-8949-7F6E890C7D9D}"
EndProject
Project("{FAE04EC0-301F-11D3-BF4B-00C04F79EFBC}") = "Resources", "Resources\Resources.csproj", "{F82B2F1C-FBD8-4D88-8DB6-957F30A3B7F6}"
EndProject
Global
	GlobalSection(SolutionConfigurationPlatforms) = preSolution
		Debug|Any CPU = Debug|Any CPU
		Release|Any CPU = Release|Any CPU
	EndGlobalSection
	GlobalSection(ProjectConfigurationPlatforms) = postSolution
		{B01C7972-9C6E-461F-8949-7F6E890C7D9D}.Debug|Any CPU.ActiveCfg = Debug|Any CPU
		{B01C7972-9C6E-461F-8949-7F6E890C7D9D}.Debug|Any CPU.Build.0 = Debug|Any CPU
		{B01C7972-9C6E-461F-8949-7F6E890C7D9D}.Release|Any CPU.ActiveCfg = Release|Any CPU
		{B01C7972-9C6E-461F-8949-7F6E890C7D9D}.Release|Any CPU.Build.0 = Release|Any CPU
		{F82B2F1C-FBD8-4D88-8DB6-957F30A3B7F6}.Debug|Any CPU.ActiveCfg = Debug|Any CPU
		{F82B2F1C-FBD8-4D88-8DB6-957F30A3B7F6}.Debug|Any CPU.Build.0 = Debug|Any CPU
		{F82B2F1C-FBD8-4D88-8DB6-957F30A3B7F6}.Release|Any CPU.ActiveCfg = Release|Any CPU
		{F82B2F1C-FBD8-4D88-8DB6-957F30A3B7F6}.Release|Any CPU.Build.0 = Release|Any CPU
	EndGlobalSection
	GlobalSection(SolutionProperties) = preSolution
		HideSolutionNode = FALSE
	EndGlobalSection
EndGlobal
